// !$*UTF8*$!
{
	archiveVersion = 1;
	classes = {
	};
	objectVersion = 46;
	objects = {

/* Begin PBXBuildFile section */
		D8A03C241BCCD86400F1C2BE /* AppDelegate.swift in Sources */ = {isa = PBXBuildFile; fileRef = D8A03C231BCCD86400F1C2BE /* AppDelegate.swift */; };
		D8A03C261BCCD86400F1C2BE /* ViewController.swift in Sources */ = {isa = PBXBuildFile; fileRef = D8A03C251BCCD86400F1C2BE /* ViewController.swift */; };
		D8A03C291BCCD86400F1C2BE /* Main.storyboard in Resources */ = {isa = PBXBuildFile; fileRef = D8A03C271BCCD86400F1C2BE /* Main.storyboard */; };
		D8A03C2B1BCCD86400F1C2BE /* Assets.xcassets in Resources */ = {isa = PBXBuildFile; fileRef = D8A03C2A1BCCD86400F1C2BE /* Assets.xcassets */; };
		D8A03C2E1BCCD86400F1C2BE /* LaunchScreen.storyboard in Resources */ = {isa = PBXBuildFile; fileRef = D8A03C2C1BCCD86400F1C2BE /* LaunchScreen.storyboard */; };
		D8A03C361BCCD91E00F1C2BE /* 8cznLo5ji.png in Resources */ = {isa = PBXBuildFile; fileRef = D8A03C351BCCD91E00F1C2BE /* 8cznLo5ji.png */; settings = {ASSET_TAGS = (); }; };
/* End PBXBuildFile section */

/* Begin PBXFileReference section */
		D8A03C201BCCD86400F1C2BE /* CatYears.app */ = {isa = PBXFileReference; explicitFileType = wrapper.application; includeInIndex = 0; path = CatYears.app; sourceTree = BUILT_PRODUCTS_DIR; };
		D8A03C231BCCD86400F1C2BE /* AppDelegate.swift */ = {isa = PBXFileReference; lastKnownFileType = sourcecode.swift; path = AppDelegate.swift; sourceTree = "<group>"; };
		D8A03C251BCCD86400F1C2BE /* ViewController.swift */ = {isa = PBXFileReference; lastKnownFileType = sourcecode.swift; path = ViewController.swift; sourceTree = "<group>"; };
		D8A03C281BCCD86400F1C2BE /* Base */ = {isa = PBXFileReference; lastKnownFileType = file.storyboard; name = Base; path = Base.lproj/Main.storyboard; sourceTree = "<group>"; };
		D8A03C2A1BCCD86400F1C2BE /* Assets.xcassets */ = {isa = PBXFileReference; lastKnownFileType = folder.assetcatalog; path = Assets.xcassets; sourceTree = "<group>"; };
		D8A03C2D1BCCD86400F1C2BE /* Base */ = {isa = PBXFileReference; lastKnownFileType = file.storyboard; name = Base; path = Base.lproj/LaunchScreen.storyboard; sourceTree = "<group>"; };
		D8A03C2F1BCCD86400F1C2BE /* Info.plist */ = {isa = PBXFileReference; lastKnownFileType = text.plist.xml; path = Info.plist; sourceTree = "<group>"; };
		D8A03C351BCCD91E00F1C2BE /* 8cznLo5ji.png */ = {isa = PBXFileReference; lastKnownFileType = image.png; path = 8cznLo5ji.png; sourceTree = "<group>"; };
/* End PBXFileReference section */

/* Begin PBXFrameworksBuildPhase section */
		D8A03C1D1BCCD86400F1C2BE /* Frameworks */ = {
			isa = PBXFrameworksBuildPhase;
			buildActionMask = 2147483647;
			files = (
			);
			runOnlyForDeploymentPostprocessing = 0;
		};
/* End PBXFrameworksBuildPhase section */

/* Begin PBXGroup section */
		D8A03C171BCCD86400F1C2BE = {
			isa = PBXGroup;
			children = (
				D8A03C221BCCD86400F1C2BE /* CatYears */,
				D8A03C211BCCD86400F1C2BE /* Products */,
			);
			sourceTree = "<group>";
		};
		D8A03C211BCCD86400F1C2BE /* Products */ = {
			isa = PBXGroup;
			children = (
				D8A03C201BCCD86400F1C2BE /* CatYears.app */,
			);
			name = Products;
			sourceTree = "<group>";
		};
		D8A03C221BCCD86400F1C2BE /* CatYears */ = {
			isa = PBXGroup;
			children = (
				D8A03C231BCCD86400F1C2BE /* AppDelegate.swift */,
				D8A03C251BCCD86400F1C2BE /* ViewController.swift */,
				D8A03C271BCCD86400F1C2BE /* Main.storyboard */,
				D8A03C351BCCD91E00F1C2BE /* 8cznLo5ji.png */,
				D8A03C2A1BCCD86400F1C2BE /* Assets.xcassets */,
				D8A03C2C1BCCD86400F1C2BE /* LaunchScreen.storyboard */,
				D8A03C2F1BCCD86400F1C2BE /* Info.plist */,
			);
			path = CatYears;
			sourceTree = "<group>";
		};
/* End PBXGroup section */

/* Begin PBXNativeTarget section */
		D8A03C1F1BCCD86400F1C2BE /* CatYears */ = {
			isa = PBXNativeTarget;
			buildConfigurationList = D8A03C321BCCD86400F1C2BE /* Build configuration list for PBXNativeTarget "CatYears" */;
			buildPhases = (
				D8A03C1C1BCCD86400F1C2BE /* Sources */,
				D8A03C1D1BCCD86400F1C2BE /* Frameworks */,
				D8A03C1E1BCCD86400F1C2BE /* Resources */,
			);
			buildRules = (
			);
			dependencies = (
			);
			name = CatYears;
			productName = CatYears;
			productReference = D8A03C201BCCD86400F1C2BE /* CatYears.app */;
			productType = "com.apple.product-type.application";
		};
/* End PBXNativeTarget section */

/* Begin PBXProject section */
		D8A03C181BCCD86400F1C2BE /* Project object */ = {
			isa = PBXProject;
			attributes = {
				LastUpgradeCheck = 0700;
				ORGANIZATIONNAME = "Nathan Smith";
				TargetAttributes = {
					D8A03C1F1BCCD86400F1C2BE = {
						CreatedOnToolsVersion = 7.0.1;
					};
				};
			};
			buildConfigurationList = D8A03C1B1BCCD86400F1C2BE /* Build configuration list for PBXProject "CatYears" */;
			compatibilityVersion = "Xcode 3.2";
			developmentRegion = English;
			hasScannedForEncodings = 0;
			knownRegions = (
				en,
				Base,
			);
			mainGroup = D8A03C171BCCD86400F1C2BE;
			productRefGroup = D8A03C211BCCD86400F1C2BE /* Products */;
			projectDirPath = "";
			projectRoot = "";
			targets = (
				D8A03C1F1BCCD86400F1C2BE /* CatYears */,
			);
		};
/* End PBXProject section */

/* Begin PBXResourcesBuildPhase section */
		D8A03C1E1BCCD86400F1C2BE /* Resources */ = {
			isa = PBXResourcesBuildPhase;
			buildActionMask = 2147483647;
			files = (
				D8A03C2E1BCCD86400F1C2BE /* LaunchScreen.storyboard in Resources */,
				D8A03C2B1BCCD86400F1C2BE /* Assets.xcassets in Resources */,
				D8A03C361BCCD91E00F1C2BE /* 8cznLo5ji.png in Resources */,
				D8A03C291BCCD86400F1C2BE /* Main.storyboard in Resources */,
			);
			runOnlyForDeploymentPostprocessing = 0;
		};
/* End PBXResourcesBuildPhase section */

/* Begin PBXSourcesBuildPhase section */
		D8A03C1C1BCCD86400F1C2BE /* Sources */ = {
			isa = PBXSourcesBuildPhase;
			buildActionMask = 2147483647;
			files = (
				D8A03C261BCCD86400F1C2BE /* ViewController.swift in Sources */,
				D8A03C241BCCD86400F1C2BE /* AppDelegate.swift in Sources */,
			);
			runOnlyForDeploymentPostprocessing = 0;
		};
/* End PBXSourcesBuildPhase section */

/* Begin PBXVariantGroup section */
		D8A03C271BCCD86400F1C2BE /* Main.storyboard */ = {
			isa = PBXVariantGroup;
			children = (
				D8A03C281BCCD86400F1C2BE /* Base */,
			);
			name = Main.storyboard;
			sourceTree = "<group>";
		};
		D8A03C2C1BCCD86400F1C2BE /* LaunchScreen.storyboard */ = {
			isa = PBXVariantGroup;
			children = (
				D8A03C2D1BCCD86400F1C2BE /* Base */,
			);
			name = LaunchScreen.storyboard;
			sourceTree = "<group>";
		};
/* End PBXVariantGroup section */

/* Begin XCBuildConfiguration section */
		D8A03C301BCCD86400F1C2BE /* Debug */ = {
			isa = XCBuildConfiguration;
			buildSettings = {
				ALWAYS_SEARCH_USER_PATHS = NO;
				CLANG_CXX_LANGUAGE_STANDARD = "gnu++0x";
				CLANG_CXX_LIBRARY = "libc++";
				CLANG_ENABLE_MODULES = YES;
				CLANG_ENABLE_OBJC_ARC = YES;
				CLANG_WARN_BOOL_CONVERSION = YES;
				CLANG_WARN_CONSTANT_CONVERSION = YES;
				CLANG_WARN_DIRECT_OBJC_ISA_USAGE = YES_ERROR;
				CLANG_WARN_EMPTY_BODY = YES;
				CLANG_WARN_ENUM_CONVERSION = YES;
				CLANG_WARN_INT_CONVERSION = YES;
				CLANG_WARN_OBJC_ROOT_CLASS = YES_ERROR;
				CLANG_WARN_UNREACHABLE_CODE = YES;
				CLANG_WARN__DUPLICATE_METHOD_MATCH = YES;
				"CODE_SIGN_IDENTITY[sdk=iphoneos*]" = "iPhone Developer";
				COPY_PHASE_STRIP = NO;
				DEBUG_INFORMATION_FORMAT = dwarf;
				ENABLE_STRICT_OBJC_MSGSEND = YES;
				ENABLE_TESTABILITY = YES;
				GCC_C_LANGUAGE_STANDARD = gnu99;
				GCC_DYNAMIC_NO_PIC = NO;
				GCC_NO_COMMON_BLOCKS = YES;
				GCC_OPTIMIZATION_LEVEL = 0;
				GCC_PREPROCESSOR_DEFINITIONS = (
					"DEBUG=1",
					"$(inherited)",
				);
				GCC_WARN_64_TO_32_BIT_CONVERSION = YES;
				GCC_WARN_ABOUT_RETURN_TYPE = YES_ERROR;
				GCC_WARN_UNDECLARED_SELECTOR = YES;
				GCC_WARN_UNINITIALIZED_AUTOS = YES_AGGRESSIVE;
				GCC_WARN_UNUSED_FUNCTION = YES;
				GCC_WARN_UNUSED_VARIABLE = YES;
				IPHONEOS_DEPLOYMENT_TARGET = 9.0;
				MTL_ENABLE_DEBUG_INFO = YES;
				ONLY_ACTIVE_ARCH = YES;
				SDKROOT = iphoneos;
				SWIFT_OPTIMIZATION_LEVEL = "-Onone";
			};
			name = Debug;
		};
		D8A03C311BCCD86400F1C2BE /* Release */ = {
			isa = XCBuildConfiguration;
			buildSettings = {
				ALWAYS_SEARCH_USER_PATHS = NO;
				CLANG_CXX_LANGUAGE_STANDARD = "gnu++0x";
				CLANG_CXX_LIBRARY = "libc++";
				CLANG_ENABLE_MODULES = YES;
				CLANG_ENABLE_OBJC_ARC = YES;
				CLANG_WARN_BOOL_CONVERSION = YES;
				CLANG_WARN_CONSTANT_CONVERSION = YES;
				CLANG_WARN_DIRECT_OBJC_ISA_USAGE = YES_ERROR;
				CLANG_WARN_EMPTY_BODY = YES;
				CLANG_WARN_ENUM_CONVERSION = YES;
				CLANG_WARN_INT_CONVERSION = YES;
				CLANG_WARN_OBJC_ROOT_CLASS = YES_ERROR;
				CLANG_WARN_UNREACHABLE_CODE = YES;
				CLANG_WARN__DUPLICATE_METHOD_MATCH = YES;
				"CODE_SIGN_IDENTITY[sdk=iphoneos*]" = "iPhone Developer";
				COPY_PHASE_STRIP = NO;
				DEBUG_INFORMATION_FORMAT = "dwarf-with-dsym";
				ENABLE_NS_ASSERTIONS = NO;
				ENABLE_STRICT_OBJC_MSGSEND = YES;
				GCC_C_LANGUAGE_STANDARD = gnu99;
				GCC_NO_COMMON_BLOCKS = YES;
				GCC_WARN_64_TO_32_BIT_CONVERSION = YES;
				GCC_WARN_ABOUT_RETURN_TYPE = YES_ERROR;
				GCC_WARN_UNDECLARED_SELECTOR = YES;
				GCC_WARN_UNINITIALIZED_AUTOS = YES_AGGRESSIVE;
				GCC_WARN_UNUSED_FUNCTION = YES;
				GCC_WARN_UNUSED_VARIABLE = YES;
				IPHONEOS_DEPLOYMENT_TARGET = 9.0;
				MTL_ENABLE_DEBUG_INFO = NO;
				SDKROOT = iphoneos;
				VALIDATE_PRODUCT = YES;
			};
			name = Release;
		};
		D8A03C331BCCD86400F1C2BE /* Debug */ = {
			isa = XCBuildConfiguration;
			buildSettings = {
				ASSETCATALOG_COMPILER_APPICON_NAME = AppIcon;
				INFOPLIST_FILE = CatYears/Info.plist;
				LD_RUNPATH_SEARCH_PATHS = "$(inherited) @executable_path/Frameworks";
				PRODUCT_BUNDLE_IDENTIFIER = iOSTutorial.CatYears;
				PRODUCT_NAME = "$(TARGET_NAME)";
			};
			name = Debug;
		};
		D8A03C341BCCD86400F1C2BE /* Release */ = {
			isa = XCBuildConfiguration;
			buildSettings = {
				ASSETCATALOG_COMPILER_APPICON_NAME = AppIcon;
				INFOPLIST_FILE = CatYears/Info.plist;
				LD_RUNPATH_SEARCH_PATHS = "$(inherited) @executable_path/Frameworks";
				PRODUCT_BUNDLE_IDENTIFIER = iOSTutorial.CatYears;
				PRODUCT_NAME = "$(TARGET_NAME)";
			};
			name = Release;
		};
/* End XCBuildConfiguration section */

/* Begin XCConfigurationList section */
		D8A03C1B1BCCD86400F1C2BE /* Build configuration list for PBXProject "CatYears" */ = {
			isa = XCConfigurationList;
			buildConfigurations = (
				D8A03C301BCCD86400F1C2BE /* Debug */,
				D8A03C311BCCD86400F1C2BE /* Release */,
			);
			defaultConfigurationIsVisible = 0;
			defaultConfigurationName = Release;
		};
		D8A03C321BCCD86400F1C2BE /* Build configuration list for PBXNativeTarget "CatYears" */ = {
			isa = XCConfigurationList;
			buildConfigurations = (
				D8A03C331BCCD86400F1C2BE /* Debug */,
				D8A03C341BCCD86400F1C2BE /* Release */,
			);
			defaultConfigurationIsVisible = 0;
		};
/* End XCConfigurationList section */
	};
	rootObject = D8A03C181BCCD86400F1C2BE /* Project object */;
}
