// !$*UTF8*$!
{
	archiveVersion = 1;
	classes = {
	};
	objectVersion = 46;
	objects = {

/* Begin PBXBuildFile section */
		D893E9E01BD3217000BC1CFB /* AppDelegate.swift in Sources */ = {isa = PBXBuildFile; fileRef = D893E9DF1BD3217000BC1CFB /* AppDelegate.swift */; };
		D893E9E21BD3217000BC1CFB /* ViewController.swift in Sources */ = {isa = PBXBuildFile; fileRef = D893E9E11BD3217000BC1CFB /* ViewController.swift */; };
		D893E9E51BD3217000BC1CFB /* Main.storyboard in Resources */ = {isa = PBXBuildFile; fileRef = D893E9E31BD3217000BC1CFB /* Main.storyboard */; };
		D893E9E71BD3217000BC1CFB /* Assets.xcassets in Resources */ = {isa = PBXBuildFile; fileRef = D893E9E61BD3217000BC1CFB /* Assets.xcassets */; };
		D893E9EA1BD3217000BC1CFB /* LaunchScreen.storyboard in Resources */ = {isa = PBXBuildFile; fileRef = D893E9E81BD3217000BC1CFB /* LaunchScreen.storyboard */; };
/* End PBXBuildFile section */

/* Begin PBXFileReference section */
		D893E9DC1BD3217000BC1CFB /* Table Views.app */ = {isa = PBXFileReference; explicitFileType = wrapper.application; includeInIndex = 0; path = "Table Views.app"; sourceTree = BUILT_PRODUCTS_DIR; };
		D893E9DF1BD3217000BC1CFB /* AppDelegate.swift */ = {isa = PBXFileReference; lastKnownFileType = sourcecode.swift; path = AppDelegate.swift; sourceTree = "<group>"; };
		D893E9E11BD3217000BC1CFB /* ViewController.swift */ = {isa = PBXFileReference; lastKnownFileType = sourcecode.swift; path = ViewController.swift; sourceTree = "<group>"; };
		D893E9E41BD3217000BC1CFB /* Base */ = {isa = PBXFileReference; lastKnownFileType = file.storyboard; name = Base; path = Base.lproj/Main.storyboard; sourceTree = "<group>"; };
		D893E9E61BD3217000BC1CFB /* Assets.xcassets */ = {isa = PBXFileReference; lastKnownFileType = folder.assetcatalog; path = Assets.xcassets; sourceTree = "<group>"; };
		D893E9E91BD3217000BC1CFB /* Base */ = {isa = PBXFileReference; lastKnownFileType = file.storyboard; name = Base; path = Base.lproj/LaunchScreen.storyboard; sourceTree = "<group>"; };
		D893E9EB1BD3217000BC1CFB /* Info.plist */ = {isa = PBXFileReference; lastKnownFileType = text.plist.xml; path = Info.plist; sourceTree = "<group>"; };
/* End PBXFileReference section */

/* Begin PBXFrameworksBuildPhase section */
		D893E9D91BD3217000BC1CFB /* Frameworks */ = {
			isa = PBXFrameworksBuildPhase;
			buildActionMask = 2147483647;
			files = (
			);
			runOnlyForDeploymentPostprocessing = 0;
		};
/* End PBXFrameworksBuildPhase section */

/* Begin PBXGroup section */
		D893E9D31BD3217000BC1CFB = {
			isa = PBXGroup;
			children = (
				D893E9DE1BD3217000BC1CFB /* Table Views */,
				D893E9DD1BD3217000BC1CFB /* Products */,
			);
			sourceTree = "<group>";
		};
		D893E9DD1BD3217000BC1CFB /* Products */ = {
			isa = PBXGroup;
			children = (
				D893E9DC1BD3217000BC1CFB /* Table Views.app */,
			);
			name = Products;
			sourceTree = "<group>";
		};
		D893E9DE1BD3217000BC1CFB /* Table Views */ = {
			isa = PBXGroup;
			children = (
				D893E9DF1BD3217000BC1CFB /* AppDelegate.swift */,
				D893E9E11BD3217000BC1CFB /* ViewController.swift */,
				D893E9E31BD3217000BC1CFB /* Main.storyboard */,
				D893E9E61BD3217000BC1CFB /* Assets.xcassets */,
				D893E9E81BD3217000BC1CFB /* LaunchScreen.storyboard */,
				D893E9EB1BD3217000BC1CFB /* Info.plist */,
			);
			path = "Table Views";
			sourceTree = "<group>";
		};
/* End PBXGroup section */

/* Begin PBXNativeTarget section */
		D893E9DB1BD3217000BC1CFB /* Table Views */ = {
			isa = PBXNativeTarget;
			buildConfigurationList = D893E9EE1BD3217000BC1CFB /* Build configuration list for PBXNativeTarget "Table Views" */;
			buildPhases = (
				D893E9D81BD3217000BC1CFB /* Sources */,
				D893E9D91BD3217000BC1CFB /* Frameworks */,
				D893E9DA1BD3217000BC1CFB /* Resources */,
			);
			buildRules = (
			);
			dependencies = (
			);
			name = "Table Views";
			productName = "Table Views";
			productReference = D893E9DC1BD3217000BC1CFB /* Table Views.app */;
			productType = "com.apple.product-type.application";
		};
/* End PBXNativeTarget section */

/* Begin PBXProject section */
		D893E9D41BD3217000BC1CFB /* Project object */ = {
			isa = PBXProject;
			attributes = {
				LastUpgradeCheck = 0700;
				ORGANIZATIONNAME = "Nathan Smith";
				TargetAttributes = {
					D893E9DB1BD3217000BC1CFB = {
						CreatedOnToolsVersion = 7.0.1;
					};
				};
			};
			buildConfigurationList = D893E9D71BD3217000BC1CFB /* Build configuration list for PBXProject "Table Views" */;
			compatibilityVersion = "Xcode 3.2";
			developmentRegion = English;
			hasScannedForEncodings = 0;
			knownRegions = (
				en,
				Base,
			);
			mainGroup = D893E9D31BD3217000BC1CFB;
			productRefGroup = D893E9DD1BD3217000BC1CFB /* Products */;
			projectDirPath = "";
			projectRoot = "";
			targets = (
				D893E9DB1BD3217000BC1CFB /* Table Views */,
			);
		};
/* End PBXProject section */

/* Begin PBXResourcesBuildPhase section */
		D893E9DA1BD3217000BC1CFB /* Resources */ = {
			isa = PBXResourcesBuildPhase;
			buildActionMask = 2147483647;
			files = (
				D893E9EA1BD3217000BC1CFB /* LaunchScreen.storyboard in Resources */,
				D893E9E71BD3217000BC1CFB /* Assets.xcassets in Resources */,
				D893E9E51BD3217000BC1CFB /* Main.storyboard in Resources */,
			);
			runOnlyForDeploymentPostprocessing = 0;
		};
/* End PBXResourcesBuildPhase section */

/* Begin PBXSourcesBuildPhase section */
		D893E9D81BD3217000BC1CFB /* Sources */ = {
			isa = PBXSourcesBuildPhase;
			buildActionMask = 2147483647;
			files = (
				D893E9E21BD3217000BC1CFB /* ViewController.swift in Sources */,
				D893E9E01BD3217000BC1CFB /* AppDelegate.swift in Sources */,
			);
			runOnlyForDeploymentPostprocessing = 0;
		};
/* End PBXSourcesBuildPhase section */

/* Begin PBXVariantGroup section */
		D893E9E31BD3217000BC1CFB /* Main.storyboard */ = {
			isa = PBXVariantGroup;
			children = (
				D893E9E41BD3217000BC1CFB /* Base */,
			);
			name = Main.storyboard;
			sourceTree = "<group>";
		};
		D893E9E81BD3217000BC1CFB /* LaunchScreen.storyboard */ = {
			isa = PBXVariantGroup;
			children = (
				D893E9E91BD3217000BC1CFB /* Base */,
			);
			name = LaunchScreen.storyboard;
			sourceTree = "<group>";
		};
/* End PBXVariantGroup section */

/* Begin XCBuildConfiguration section */
		D893E9EC1BD3217000BC1CFB /* Debug */ = {
			isa = XCBuildConfiguration;
			buildSettings = {
				ALWAYS_SEARCH_USER_PATHS = NO;
				CLANG_CXX_LANGUAGE_STANDARD = "gnu++0x";
				CLANG_CXX_LIBRARY = "libc++";
				CLANG_ENABLE_MODULES = YES;
				CLANG_ENABLE_OBJC_ARC = YES;
				CLANG_WARN_BOOL_CONVERSION = YES;
				CLANG_WARN_CONSTANT_CONVERSION = YES;
				CLANG_WARN_DIRECT_OBJC_ISA_USAGE = YES_ERROR;
				CLANG_WARN_EMPTY_BODY = YES;
				CLANG_WARN_ENUM_CONVERSION = YES;
				CLANG_WARN_INT_CONVERSION = YES;
				CLANG_WARN_OBJC_ROOT_CLASS = YES_ERROR;
				CLANG_WARN_UNREACHABLE_CODE = YES;
				CLANG_WARN__DUPLICATE_METHOD_MATCH = YES;
				"CODE_SIGN_IDENTITY[sdk=iphoneos*]" = "iPhone Developer";
				COPY_PHASE_STRIP = NO;
				DEBUG_INFORMATION_FORMAT = dwarf;
				ENABLE_STRICT_OBJC_MSGSEND = YES;
				ENABLE_TESTABILITY = YES;
				GCC_C_LANGUAGE_STANDARD = gnu99;
				GCC_DYNAMIC_NO_PIC = NO;
				GCC_NO_COMMON_BLOCKS = YES;
				GCC_OPTIMIZATION_LEVEL = 0;
				GCC_PREPROCESSOR_DEFINITIONS = (
					"DEBUG=1",
					"$(inherited)",
				);
				GCC_WARN_64_TO_32_BIT_CONVERSION = YES;
				GCC_WARN_ABOUT_RETURN_TYPE = YES_ERROR;
				GCC_WARN_UNDECLARED_SELECTOR = YES;
				GCC_WARN_UNINITIALIZED_AUTOS = YES_AGGRESSIVE;
				GCC_WARN_UNUSED_FUNCTION = YES;
				GCC_WARN_UNUSED_VARIABLE = YES;
				IPHONEOS_DEPLOYMENT_TARGET = 9.0;
				MTL_ENABLE_DEBUG_INFO = YES;
				ONLY_ACTIVE_ARCH = YES;
				SDKROOT = iphoneos;
				SWIFT_OPTIMIZATION_LEVEL = "-Onone";
			};
			name = Debug;
		};
		D893E9ED1BD3217000BC1CFB /* Release */ = {
			isa = XCBuildConfiguration;
			buildSettings = {
				ALWAYS_SEARCH_USER_PATHS = NO;
				CLANG_CXX_LANGUAGE_STANDARD = "gnu++0x";
				CLANG_CXX_LIBRARY = "libc++";
				CLANG_ENABLE_MODULES = YES;
				CLANG_ENABLE_OBJC_ARC = YES;
				CLANG_WARN_BOOL_CONVERSION = YES;
				CLANG_WARN_CONSTANT_CONVERSION = YES;
				CLANG_WARN_DIRECT_OBJC_ISA_USAGE = YES_ERROR;
				CLANG_WARN_EMPTY_BODY = YES;
				CLANG_WARN_ENUM_CONVERSION = YES;
				CLANG_WARN_INT_CONVERSION = YES;
				CLANG_WARN_OBJC_ROOT_CLASS = YES_ERROR;
				CLANG_WARN_UNREACHABLE_CODE = YES;
				CLANG_WARN__DUPLICATE_METHOD_MATCH = YES;
				"CODE_SIGN_IDENTITY[sdk=iphoneos*]" = "iPhone Developer";
				COPY_PHASE_STRIP = NO;
				DEBUG_INFORMATION_FORMAT = "dwarf-with-dsym";
				ENABLE_NS_ASSERTIONS = NO;
				ENABLE_STRICT_OBJC_MSGSEND = YES;
				GCC_C_LANGUAGE_STANDARD = gnu99;
				GCC_NO_COMMON_BLOCKS = YES;
				GCC_WARN_64_TO_32_BIT_CONVERSION = YES;
				GCC_WARN_ABOUT_RETURN_TYPE = YES_ERROR;
				GCC_WARN_UNDECLARED_SELECTOR = YES;
				GCC_WARN_UNINITIALIZED_AUTOS = YES_AGGRESSIVE;
				GCC_WARN_UNUSED_FUNCTION = YES;
				GCC_WARN_UNUSED_VARIABLE = YES;
				IPHONEOS_DEPLOYMENT_TARGET = 9.0;
				MTL_ENABLE_DEBUG_INFO = NO;
				SDKROOT = iphoneos;
				VALIDATE_PRODUCT = YES;
			};
			name = Release;
		};
		D893E9EF1BD3217000BC1CFB /* Debug */ = {
			isa = XCBuildConfiguration;
			buildSettings = {
				ASSETCATALOG_COMPILER_APPICON_NAME = AppIcon;
				INFOPLIST_FILE = "Table Views/Info.plist";
				LD_RUNPATH_SEARCH_PATHS = "$(inherited) @executable_path/Frameworks";
				PRODUCT_BUNDLE_IDENTIFIER = "iOSTutorial.Table-Views";
				PRODUCT_NAME = "$(TARGET_NAME)";
			};
			name = Debug;
		};
		D893E9F01BD3217000BC1CFB /* Release */ = {
			isa = XCBuildConfiguration;
			buildSettings = {
				ASSETCATALOG_COMPILER_APPICON_NAME = AppIcon;
				INFOPLIST_FILE = "Table Views/Info.plist";
				LD_RUNPATH_SEARCH_PATHS = "$(inherited) @executable_path/Frameworks";
				PRODUCT_BUNDLE_IDENTIFIER = "iOSTutorial.Table-Views";
				PRODUCT_NAME = "$(TARGET_NAME)";
			};
			name = Release;
		};
/* End XCBuildConfiguration section */

/* Begin XCConfigurationList section */
		D893E9D71BD3217000BC1CFB /* Build configuration list for PBXProject "Table Views" */ = {
			isa = XCConfigurationList;
			buildConfigurations = (
				D893E9EC1BD3217000BC1CFB /* Debug */,
				D893E9ED1BD3217000BC1CFB /* Release */,
			);
			defaultConfigurationIsVisible = 0;
			defaultConfigurationName = Release;
		};
		D893E9EE1BD3217000BC1CFB /* Build configuration list for PBXNativeTarget "Table Views" */ = {
			isa = XCConfigurationList;
			buildConfigurations = (
				D893E9EF1BD3217000BC1CFB /* Debug */,
				D893E9F01BD3217000BC1CFB /* Release */,
			);
			defaultConfigurationIsVisible = 0;
		};
/* End XCConfigurationList section */
	};
	rootObject = D893E9D41BD3217000BC1CFB /* Project object */;
}
