// !$*UTF8*$!
{
	archiveVersion = 1;
	classes = {
	};
	objectVersion = 46;
	objects = {

/* Begin PBXBuildFile section */
		D8D4CC1D1BE68F6B0062F32F /* AppDelegate.swift in Sources */ = {isa = PBXBuildFile; fileRef = D8D4CC1C1BE68F6B0062F32F /* AppDelegate.swift */; };
		D8D4CC1F1BE68F6B0062F32F /* ViewController.swift in Sources */ = {isa = PBXBuildFile; fileRef = D8D4CC1E1BE68F6B0062F32F /* ViewController.swift */; };
		D8D4CC221BE68F6B0062F32F /* Main.storyboard in Resources */ = {isa = PBXBuildFile; fileRef = D8D4CC201BE68F6B0062F32F /* Main.storyboard */; };
		D8D4CC241BE68F6B0062F32F /* Assets.xcassets in Resources */ = {isa = PBXBuildFile; fileRef = D8D4CC231BE68F6B0062F32F /* Assets.xcassets */; };
		D8D4CC271BE68F6B0062F32F /* LaunchScreen.storyboard in Resources */ = {isa = PBXBuildFile; fileRef = D8D4CC251BE68F6B0062F32F /* LaunchScreen.storyboard */; };
/* End PBXBuildFile section */

/* Begin PBXFileReference section */
		D8D4CC191BE68F6B0062F32F /* Downloading Web Content.app */ = {isa = PBXFileReference; explicitFileType = wrapper.application; includeInIndex = 0; path = "Downloading Web Content.app"; sourceTree = BUILT_PRODUCTS_DIR; };
		D8D4CC1C1BE68F6B0062F32F /* AppDelegate.swift */ = {isa = PBXFileReference; lastKnownFileType = sourcecode.swift; path = AppDelegate.swift; sourceTree = "<group>"; };
		D8D4CC1E1BE68F6B0062F32F /* ViewController.swift */ = {isa = PBXFileReference; lastKnownFileType = sourcecode.swift; path = ViewController.swift; sourceTree = "<group>"; };
		D8D4CC211BE68F6B0062F32F /* Base */ = {isa = PBXFileReference; lastKnownFileType = file.storyboard; name = Base; path = Base.lproj/Main.storyboard; sourceTree = "<group>"; };
		D8D4CC231BE68F6B0062F32F /* Assets.xcassets */ = {isa = PBXFileReference; lastKnownFileType = folder.assetcatalog; path = Assets.xcassets; sourceTree = "<group>"; };
		D8D4CC261BE68F6B0062F32F /* Base */ = {isa = PBXFileReference; lastKnownFileType = file.storyboard; name = Base; path = Base.lproj/LaunchScreen.storyboard; sourceTree = "<group>"; };
		D8D4CC281BE68F6B0062F32F /* Info.plist */ = {isa = PBXFileReference; lastKnownFileType = text.plist.xml; path = Info.plist; sourceTree = "<group>"; };
/* End PBXFileReference section */

/* Begin PBXFrameworksBuildPhase section */
		D8D4CC161BE68F6B0062F32F /* Frameworks */ = {
			isa = PBXFrameworksBuildPhase;
			buildActionMask = 2147483647;
			files = (
			);
			runOnlyForDeploymentPostprocessing = 0;
		};
/* End PBXFrameworksBuildPhase section */

/* Begin PBXGroup section */
		D8D4CC101BE68F6B0062F32F = {
			isa = PBXGroup;
			children = (
				D8D4CC1B1BE68F6B0062F32F /* Downloading Web Content */,
				D8D4CC1A1BE68F6B0062F32F /* Products */,
			);
			sourceTree = "<group>";
		};
		D8D4CC1A1BE68F6B0062F32F /* Products */ = {
			isa = PBXGroup;
			children = (
				D8D4CC191BE68F6B0062F32F /* Downloading Web Content.app */,
			);
			name = Products;
			sourceTree = "<group>";
		};
		D8D4CC1B1BE68F6B0062F32F /* Downloading Web Content */ = {
			isa = PBXGroup;
			children = (
				D8D4CC1C1BE68F6B0062F32F /* AppDelegate.swift */,
				D8D4CC1E1BE68F6B0062F32F /* ViewController.swift */,
				D8D4CC201BE68F6B0062F32F /* Main.storyboard */,
				D8D4CC231BE68F6B0062F32F /* Assets.xcassets */,
				D8D4CC251BE68F6B0062F32F /* LaunchScreen.storyboard */,
				D8D4CC281BE68F6B0062F32F /* Info.plist */,
			);
			path = "Downloading Web Content";
			sourceTree = "<group>";
		};
/* End PBXGroup section */

/* Begin PBXNativeTarget section */
		D8D4CC181BE68F6B0062F32F /* Downloading Web Content */ = {
			isa = PBXNativeTarget;
			buildConfigurationList = D8D4CC2B1BE68F6B0062F32F /* Build configuration list for PBXNativeTarget "Downloading Web Content" */;
			buildPhases = (
				D8D4CC151BE68F6B0062F32F /* Sources */,
				D8D4CC161BE68F6B0062F32F /* Frameworks */,
				D8D4CC171BE68F6B0062F32F /* Resources */,
			);
			buildRules = (
			);
			dependencies = (
			);
			name = "Downloading Web Content";
			productName = "Downloading Web Content";
			productReference = D8D4CC191BE68F6B0062F32F /* Downloading Web Content.app */;
			productType = "com.apple.product-type.application";
		};
/* End PBXNativeTarget section */

/* Begin PBXProject section */
		D8D4CC111BE68F6B0062F32F /* Project object */ = {
			isa = PBXProject;
			attributes = {
				LastUpgradeCheck = 0700;
				ORGANIZATIONNAME = "Nathan Smith";
				TargetAttributes = {
					D8D4CC181BE68F6B0062F32F = {
						CreatedOnToolsVersion = 7.0.1;
					};
				};
			};
			buildConfigurationList = D8D4CC141BE68F6B0062F32F /* Build configuration list for PBXProject "Downloading Web Content" */;
			compatibilityVersion = "Xcode 3.2";
			developmentRegion = English;
			hasScannedForEncodings = 0;
			knownRegions = (
				en,
				Base,
			);
			mainGroup = D8D4CC101BE68F6B0062F32F;
			productRefGroup = D8D4CC1A1BE68F6B0062F32F /* Products */;
			projectDirPath = "";
			projectRoot = "";
			targets = (
				D8D4CC181BE68F6B0062F32F /* Downloading Web Content */,
			);
		};
/* End PBXProject section */

/* Begin PBXResourcesBuildPhase section */
		D8D4CC171BE68F6B0062F32F /* Resources */ = {
			isa = PBXResourcesBuildPhase;
			buildActionMask = 2147483647;
			files = (
				D8D4CC271BE68F6B0062F32F /* LaunchScreen.storyboard in Resources */,
				D8D4CC241BE68F6B0062F32F /* Assets.xcassets in Resources */,
				D8D4CC221BE68F6B0062F32F /* Main.storyboard in Resources */,
			);
			runOnlyForDeploymentPostprocessing = 0;
		};
/* End PBXResourcesBuildPhase section */

/* Begin PBXSourcesBuildPhase section */
		D8D4CC151BE68F6B0062F32F /* Sources */ = {
			isa = PBXSourcesBuildPhase;
			buildActionMask = 2147483647;
			files = (
				D8D4CC1F1BE68F6B0062F32F /* ViewController.swift in Sources */,
				D8D4CC1D1BE68F6B0062F32F /* AppDelegate.swift in Sources */,
			);
			runOnlyForDeploymentPostprocessing = 0;
		};
/* End PBXSourcesBuildPhase section */

/* Begin PBXVariantGroup section */
		D8D4CC201BE68F6B0062F32F /* Main.storyboard */ = {
			isa = PBXVariantGroup;
			children = (
				D8D4CC211BE68F6B0062F32F /* Base */,
			);
			name = Main.storyboard;
			sourceTree = "<group>";
		};
		D8D4CC251BE68F6B0062F32F /* LaunchScreen.storyboard */ = {
			isa = PBXVariantGroup;
			children = (
				D8D4CC261BE68F6B0062F32F /* Base */,
			);
			name = LaunchScreen.storyboard;
			sourceTree = "<group>";
		};
/* End PBXVariantGroup section */

/* Begin XCBuildConfiguration section */
		D8D4CC291BE68F6B0062F32F /* Debug */ = {
			isa = XCBuildConfiguration;
			buildSettings = {
				ALWAYS_SEARCH_USER_PATHS = NO;
				CLANG_CXX_LANGUAGE_STANDARD = "gnu++0x";
				CLANG_CXX_LIBRARY = "libc++";
				CLANG_ENABLE_MODULES = YES;
				CLANG_ENABLE_OBJC_ARC = YES;
				CLANG_WARN_BOOL_CONVERSION = YES;
				CLANG_WARN_CONSTANT_CONVERSION = YES;
				CLANG_WARN_DIRECT_OBJC_ISA_USAGE = YES_ERROR;
				CLANG_WARN_EMPTY_BODY = YES;
				CLANG_WARN_ENUM_CONVERSION = YES;
				CLANG_WARN_INT_CONVERSION = YES;
				CLANG_WARN_OBJC_ROOT_CLASS = YES_ERROR;
				CLANG_WARN_UNREACHABLE_CODE = YES;
				CLANG_WARN__DUPLICATE_METHOD_MATCH = YES;
				"CODE_SIGN_IDENTITY[sdk=iphoneos*]" = "iPhone Developer";
				COPY_PHASE_STRIP = NO;
				DEBUG_INFORMATION_FORMAT = dwarf;
				ENABLE_STRICT_OBJC_MSGSEND = YES;
				ENABLE_TESTABILITY = YES;
				GCC_C_LANGUAGE_STANDARD = gnu99;
				GCC_DYNAMIC_NO_PIC = NO;
				GCC_NO_COMMON_BLOCKS = YES;
				GCC_OPTIMIZATION_LEVEL = 0;
				GCC_PREPROCESSOR_DEFINITIONS = (
					"DEBUG=1",
					"$(inherited)",
				);
				GCC_WARN_64_TO_32_BIT_CONVERSION = YES;
				GCC_WARN_ABOUT_RETURN_TYPE = YES_ERROR;
				GCC_WARN_UNDECLARED_SELECTOR = YES;
				GCC_WARN_UNINITIALIZED_AUTOS = YES_AGGRESSIVE;
				GCC_WARN_UNUSED_FUNCTION = YES;
				GCC_WARN_UNUSED_VARIABLE = YES;
				IPHONEOS_DEPLOYMENT_TARGET = 9.0;
				MTL_ENABLE_DEBUG_INFO = YES;
				ONLY_ACTIVE_ARCH = YES;
				SDKROOT = iphoneos;
				SWIFT_OPTIMIZATION_LEVEL = "-Onone";
			};
			name = Debug;
		};
		D8D4CC2A1BE68F6B0062F32F /* Release */ = {
			isa = XCBuildConfiguration;
			buildSettings = {
				ALWAYS_SEARCH_USER_PATHS = NO;
				CLANG_CXX_LANGUAGE_STANDARD = "gnu++0x";
				CLANG_CXX_LIBRARY = "libc++";
				CLANG_ENABLE_MODULES = YES;
				CLANG_ENABLE_OBJC_ARC = YES;
				CLANG_WARN_BOOL_CONVERSION = YES;
				CLANG_WARN_CONSTANT_CONVERSION = YES;
				CLANG_WARN_DIRECT_OBJC_ISA_USAGE = YES_ERROR;
				CLANG_WARN_EMPTY_BODY = YES;
				CLANG_WARN_ENUM_CONVERSION = YES;
				CLANG_WARN_INT_CONVERSION = YES;
				CLANG_WARN_OBJC_ROOT_CLASS = YES_ERROR;
				CLANG_WARN_UNREACHABLE_CODE = YES;
				CLANG_WARN__DUPLICATE_METHOD_MATCH = YES;
				"CODE_SIGN_IDENTITY[sdk=iphoneos*]" = "iPhone Developer";
				COPY_PHASE_STRIP = NO;
				DEBUG_INFORMATION_FORMAT = "dwarf-with-dsym";
				ENABLE_NS_ASSERTIONS = NO;
				ENABLE_STRICT_OBJC_MSGSEND = YES;
				GCC_C_LANGUAGE_STANDARD = gnu99;
				GCC_NO_COMMON_BLOCKS = YES;
				GCC_WARN_64_TO_32_BIT_CONVERSION = YES;
				GCC_WARN_ABOUT_RETURN_TYPE = YES_ERROR;
				GCC_WARN_UNDECLARED_SELECTOR = YES;
				GCC_WARN_UNINITIALIZED_AUTOS = YES_AGGRESSIVE;
				GCC_WARN_UNUSED_FUNCTION = YES;
				GCC_WARN_UNUSED_VARIABLE = YES;
				IPHONEOS_DEPLOYMENT_TARGET = 9.0;
				MTL_ENABLE_DEBUG_INFO = NO;
				SDKROOT = iphoneos;
				VALIDATE_PRODUCT = YES;
			};
			name = Release;
		};
		D8D4CC2C1BE68F6B0062F32F /* Debug */ = {
			isa = XCBuildConfiguration;
			buildSettings = {
				ASSETCATALOG_COMPILER_APPICON_NAME = AppIcon;
				INFOPLIST_FILE = "Downloading Web Content/Info.plist";
				LD_RUNPATH_SEARCH_PATHS = "$(inherited) @executable_path/Frameworks";
				PRODUCT_BUNDLE_IDENTIFIER = "iOSTutorial.Downloading-Web-Content";
				PRODUCT_NAME = "$(TARGET_NAME)";
			};
			name = Debug;
		};
		D8D4CC2D1BE68F6B0062F32F /* Release */ = {
			isa = XCBuildConfiguration;
			buildSettings = {
				ASSETCATALOG_COMPILER_APPICON_NAME = AppIcon;
				INFOPLIST_FILE = "Downloading Web Content/Info.plist";
				LD_RUNPATH_SEARCH_PATHS = "$(inherited) @executable_path/Frameworks";
				PRODUCT_BUNDLE_IDENTIFIER = "iOSTutorial.Downloading-Web-Content";
				PRODUCT_NAME = "$(TARGET_NAME)";
			};
			name = Release;
		};
/* End XCBuildConfiguration section */

/* Begin XCConfigurationList section */
		D8D4CC141BE68F6B0062F32F /* Build configuration list for PBXProject "Downloading Web Content" */ = {
			isa = XCConfigurationList;
			buildConfigurations = (
				D8D4CC291BE68F6B0062F32F /* Debug */,
				D8D4CC2A1BE68F6B0062F32F /* Release */,
			);
			defaultConfigurationIsVisible = 0;
			defaultConfigurationName = Release;
		};
		D8D4CC2B1BE68F6B0062F32F /* Build configuration list for PBXNativeTarget "Downloading Web Content" */ = {
			isa = XCConfigurationList;
			buildConfigurations = (
				D8D4CC2C1BE68F6B0062F32F /* Debug */,
				D8D4CC2D1BE68F6B0062F32F /* Release */,
			);
			defaultConfigurationIsVisible = 0;
		};
/* End XCConfigurationList section */
	};
	rootObject = D8D4CC111BE68F6B0062F32F /* Project object */;
}
