// !$*UTF8*$!
{
	archiveVersion = 1;
	classes = {
	};
	objectVersion = 46;
	objects = {

/* Begin PBXBuildFile section */
		D893E9FE1BD32DD300BC1CFB /* AppDelegate.swift in Sources */ = {isa = PBXBuildFile; fileRef = D893E9FD1BD32DD300BC1CFB /* AppDelegate.swift */; };
		D893EA001BD32DD300BC1CFB /* ViewController.swift in Sources */ = {isa = PBXBuildFile; fileRef = D893E9FF1BD32DD300BC1CFB /* ViewController.swift */; };
		D893EA031BD32DD300BC1CFB /* Main.storyboard in Resources */ = {isa = PBXBuildFile; fileRef = D893EA011BD32DD300BC1CFB /* Main.storyboard */; };
		D893EA051BD32DD300BC1CFB /* Assets.xcassets in Resources */ = {isa = PBXBuildFile; fileRef = D893EA041BD32DD300BC1CFB /* Assets.xcassets */; };
		D893EA081BD32DD300BC1CFB /* LaunchScreen.storyboard in Resources */ = {isa = PBXBuildFile; fileRef = D893EA061BD32DD300BC1CFB /* LaunchScreen.storyboard */; };
/* End PBXBuildFile section */

/* Begin PBXFileReference section */
		D893E9FA1BD32DD300BC1CFB /* Times Tables.app */ = {isa = PBXFileReference; explicitFileType = wrapper.application; includeInIndex = 0; path = "Times Tables.app"; sourceTree = BUILT_PRODUCTS_DIR; };
		D893E9FD1BD32DD300BC1CFB /* AppDelegate.swift */ = {isa = PBXFileReference; lastKnownFileType = sourcecode.swift; path = AppDelegate.swift; sourceTree = "<group>"; };
		D893E9FF1BD32DD300BC1CFB /* ViewController.swift */ = {isa = PBXFileReference; lastKnownFileType = sourcecode.swift; path = ViewController.swift; sourceTree = "<group>"; };
		D893EA021BD32DD300BC1CFB /* Base */ = {isa = PBXFileReference; lastKnownFileType = file.storyboard; name = Base; path = Base.lproj/Main.storyboard; sourceTree = "<group>"; };
		D893EA041BD32DD300BC1CFB /* Assets.xcassets */ = {isa = PBXFileReference; lastKnownFileType = folder.assetcatalog; path = Assets.xcassets; sourceTree = "<group>"; };
		D893EA071BD32DD300BC1CFB /* Base */ = {isa = PBXFileReference; lastKnownFileType = file.storyboard; name = Base; path = Base.lproj/LaunchScreen.storyboard; sourceTree = "<group>"; };
		D893EA091BD32DD300BC1CFB /* Info.plist */ = {isa = PBXFileReference; lastKnownFileType = text.plist.xml; path = Info.plist; sourceTree = "<group>"; };
/* End PBXFileReference section */

/* Begin PBXFrameworksBuildPhase section */
		D893E9F71BD32DD300BC1CFB /* Frameworks */ = {
			isa = PBXFrameworksBuildPhase;
			buildActionMask = 2147483647;
			files = (
			);
			runOnlyForDeploymentPostprocessing = 0;
		};
/* End PBXFrameworksBuildPhase section */

/* Begin PBXGroup section */
		D893E9F11BD32DD300BC1CFB = {
			isa = PBXGroup;
			children = (
				D893E9FC1BD32DD300BC1CFB /* Times Tables */,
				D893E9FB1BD32DD300BC1CFB /* Products */,
			);
			sourceTree = "<group>";
		};
		D893E9FB1BD32DD300BC1CFB /* Products */ = {
			isa = PBXGroup;
			children = (
				D893E9FA1BD32DD300BC1CFB /* Times Tables.app */,
			);
			name = Products;
			sourceTree = "<group>";
		};
		D893E9FC1BD32DD300BC1CFB /* Times Tables */ = {
			isa = PBXGroup;
			children = (
				D893E9FD1BD32DD300BC1CFB /* AppDelegate.swift */,
				D893E9FF1BD32DD300BC1CFB /* ViewController.swift */,
				D893EA011BD32DD300BC1CFB /* Main.storyboard */,
				D893EA041BD32DD300BC1CFB /* Assets.xcassets */,
				D893EA061BD32DD300BC1CFB /* LaunchScreen.storyboard */,
				D893EA091BD32DD300BC1CFB /* Info.plist */,
			);
			path = "Times Tables";
			sourceTree = "<group>";
		};
/* End PBXGroup section */

/* Begin PBXNativeTarget section */
		D893E9F91BD32DD300BC1CFB /* Times Tables */ = {
			isa = PBXNativeTarget;
			buildConfigurationList = D893EA0C1BD32DD300BC1CFB /* Build configuration list for PBXNativeTarget "Times Tables" */;
			buildPhases = (
				D893E9F61BD32DD300BC1CFB /* Sources */,
				D893E9F71BD32DD300BC1CFB /* Frameworks */,
				D893E9F81BD32DD300BC1CFB /* Resources */,
			);
			buildRules = (
			);
			dependencies = (
			);
			name = "Times Tables";
			productName = "Times Tables";
			productReference = D893E9FA1BD32DD300BC1CFB /* Times Tables.app */;
			productType = "com.apple.product-type.application";
		};
/* End PBXNativeTarget section */

/* Begin PBXProject section */
		D893E9F21BD32DD300BC1CFB /* Project object */ = {
			isa = PBXProject;
			attributes = {
				LastUpgradeCheck = 0700;
				ORGANIZATIONNAME = "Nathan Smith";
				TargetAttributes = {
					D893E9F91BD32DD300BC1CFB = {
						CreatedOnToolsVersion = 7.0.1;
					};
				};
			};
			buildConfigurationList = D893E9F51BD32DD300BC1CFB /* Build configuration list for PBXProject "Times Tables" */;
			compatibilityVersion = "Xcode 3.2";
			developmentRegion = English;
			hasScannedForEncodings = 0;
			knownRegions = (
				en,
				Base,
			);
			mainGroup = D893E9F11BD32DD300BC1CFB;
			productRefGroup = D893E9FB1BD32DD300BC1CFB /* Products */;
			projectDirPath = "";
			projectRoot = "";
			targets = (
				D893E9F91BD32DD300BC1CFB /* Times Tables */,
			);
		};
/* End PBXProject section */

/* Begin PBXResourcesBuildPhase section */
		D893E9F81BD32DD300BC1CFB /* Resources */ = {
			isa = PBXResourcesBuildPhase;
			buildActionMask = 2147483647;
			files = (
				D893EA081BD32DD300BC1CFB /* LaunchScreen.storyboard in Resources */,
				D893EA051BD32DD300BC1CFB /* Assets.xcassets in Resources */,
				D893EA031BD32DD300BC1CFB /* Main.storyboard in Resources */,
			);
			runOnlyForDeploymentPostprocessing = 0;
		};
/* End PBXResourcesBuildPhase section */

/* Begin PBXSourcesBuildPhase section */
		D893E9F61BD32DD300BC1CFB /* Sources */ = {
			isa = PBXSourcesBuildPhase;
			buildActionMask = 2147483647;
			files = (
				D893EA001BD32DD300BC1CFB /* ViewController.swift in Sources */,
				D893E9FE1BD32DD300BC1CFB /* AppDelegate.swift in Sources */,
			);
			runOnlyForDeploymentPostprocessing = 0;
		};
/* End PBXSourcesBuildPhase section */

/* Begin PBXVariantGroup section */
		D893EA011BD32DD300BC1CFB /* Main.storyboard */ = {
			isa = PBXVariantGroup;
			children = (
				D893EA021BD32DD300BC1CFB /* Base */,
			);
			name = Main.storyboard;
			sourceTree = "<group>";
		};
		D893EA061BD32DD300BC1CFB /* LaunchScreen.storyboard */ = {
			isa = PBXVariantGroup;
			children = (
				D893EA071BD32DD300BC1CFB /* Base */,
			);
			name = LaunchScreen.storyboard;
			sourceTree = "<group>";
		};
/* End PBXVariantGroup section */

/* Begin XCBuildConfiguration section */
		D893EA0A1BD32DD300BC1CFB /* Debug */ = {
			isa = XCBuildConfiguration;
			buildSettings = {
				ALWAYS_SEARCH_USER_PATHS = NO;
				CLANG_CXX_LANGUAGE_STANDARD = "gnu++0x";
				CLANG_CXX_LIBRARY = "libc++";
				CLANG_ENABLE_MODULES = YES;
				CLANG_ENABLE_OBJC_ARC = YES;
				CLANG_WARN_BOOL_CONVERSION = YES;
				CLANG_WARN_CONSTANT_CONVERSION = YES;
				CLANG_WARN_DIRECT_OBJC_ISA_USAGE = YES_ERROR;
				CLANG_WARN_EMPTY_BODY = YES;
				CLANG_WARN_ENUM_CONVERSION = YES;
				CLANG_WARN_INT_CONVERSION = YES;
				CLANG_WARN_OBJC_ROOT_CLASS = YES_ERROR;
				CLANG_WARN_UNREACHABLE_CODE = YES;
				CLANG_WARN__DUPLICATE_METHOD_MATCH = YES;
				"CODE_SIGN_IDENTITY[sdk=iphoneos*]" = "iPhone Developer";
				COPY_PHASE_STRIP = NO;
				DEBUG_INFORMATION_FORMAT = dwarf;
				ENABLE_STRICT_OBJC_MSGSEND = YES;
				ENABLE_TESTABILITY = YES;
				GCC_C_LANGUAGE_STANDARD = gnu99;
				GCC_DYNAMIC_NO_PIC = NO;
				GCC_NO_COMMON_BLOCKS = YES;
				GCC_OPTIMIZATION_LEVEL = 0;
				GCC_PREPROCESSOR_DEFINITIONS = (
					"DEBUG=1",
					"$(inherited)",
				);
				GCC_WARN_64_TO_32_BIT_CONVERSION = YES;
				GCC_WARN_ABOUT_RETURN_TYPE = YES_ERROR;
				GCC_WARN_UNDECLARED_SELECTOR = YES;
				GCC_WARN_UNINITIALIZED_AUTOS = YES_AGGRESSIVE;
				GCC_WARN_UNUSED_FUNCTION = YES;
				GCC_WARN_UNUSED_VARIABLE = YES;
				IPHONEOS_DEPLOYMENT_TARGET = 9.0;
				MTL_ENABLE_DEBUG_INFO = YES;
				ONLY_ACTIVE_ARCH = YES;
				SDKROOT = iphoneos;
				SWIFT_OPTIMIZATION_LEVEL = "-Onone";
			};
			name = Debug;
		};
		D893EA0B1BD32DD300BC1CFB /* Release */ = {
			isa = XCBuildConfiguration;
			buildSettings = {
				ALWAYS_SEARCH_USER_PATHS = NO;
				CLANG_CXX_LANGUAGE_STANDARD = "gnu++0x";
				CLANG_CXX_LIBRARY = "libc++";
				CLANG_ENABLE_MODULES = YES;
				CLANG_ENABLE_OBJC_ARC = YES;
				CLANG_WARN_BOOL_CONVERSION = YES;
				CLANG_WARN_CONSTANT_CONVERSION = YES;
				CLANG_WARN_DIRECT_OBJC_ISA_USAGE = YES_ERROR;
				CLANG_WARN_EMPTY_BODY = YES;
				CLANG_WARN_ENUM_CONVERSION = YES;
				CLANG_WARN_INT_CONVERSION = YES;
				CLANG_WARN_OBJC_ROOT_CLASS = YES_ERROR;
				CLANG_WARN_UNREACHABLE_CODE = YES;
				CLANG_WARN__DUPLICATE_METHOD_MATCH = YES;
				"CODE_SIGN_IDENTITY[sdk=iphoneos*]" = "iPhone Developer";
				COPY_PHASE_STRIP = NO;
				DEBUG_INFORMATION_FORMAT = "dwarf-with-dsym";
				ENABLE_NS_ASSERTIONS = NO;
				ENABLE_STRICT_OBJC_MSGSEND = YES;
				GCC_C_LANGUAGE_STANDARD = gnu99;
				GCC_NO_COMMON_BLOCKS = YES;
				GCC_WARN_64_TO_32_BIT_CONVERSION = YES;
				GCC_WARN_ABOUT_RETURN_TYPE = YES_ERROR;
				GCC_WARN_UNDECLARED_SELECTOR = YES;
				GCC_WARN_UNINITIALIZED_AUTOS = YES_AGGRESSIVE;
				GCC_WARN_UNUSED_FUNCTION = YES;
				GCC_WARN_UNUSED_VARIABLE = YES;
				IPHONEOS_DEPLOYMENT_TARGET = 9.0;
				MTL_ENABLE_DEBUG_INFO = NO;
				SDKROOT = iphoneos;
				VALIDATE_PRODUCT = YES;
			};
			name = Release;
		};
		D893EA0D1BD32DD300BC1CFB /* Debug */ = {
			isa = XCBuildConfiguration;
			buildSettings = {
				ASSETCATALOG_COMPILER_APPICON_NAME = AppIcon;
				INFOPLIST_FILE = "Times Tables/Info.plist";
				LD_RUNPATH_SEARCH_PATHS = "$(inherited) @executable_path/Frameworks";
				PRODUCT_BUNDLE_IDENTIFIER = "iOSTutorial.Times-Tables";
				PRODUCT_NAME = "$(TARGET_NAME)";
			};
			name = Debug;
		};
		D893EA0E1BD32DD300BC1CFB /* Release */ = {
			isa = XCBuildConfiguration;
			buildSettings = {
				ASSETCATALOG_COMPILER_APPICON_NAME = AppIcon;
				INFOPLIST_FILE = "Times Tables/Info.plist";
				LD_RUNPATH_SEARCH_PATHS = "$(inherited) @executable_path/Frameworks";
				PRODUCT_BUNDLE_IDENTIFIER = "iOSTutorial.Times-Tables";
				PRODUCT_NAME = "$(TARGET_NAME)";
			};
			name = Release;
		};
/* End XCBuildConfiguration section */

/* Begin XCConfigurationList section */
		D893E9F51BD32DD300BC1CFB /* Build configuration list for PBXProject "Times Tables" */ = {
			isa = XCConfigurationList;
			buildConfigurations = (
				D893EA0A1BD32DD300BC1CFB /* Debug */,
				D893EA0B1BD32DD300BC1CFB /* Release */,
			);
			defaultConfigurationIsVisible = 0;
			defaultConfigurationName = Release;
		};
		D893EA0C1BD32DD300BC1CFB /* Build configuration list for PBXNativeTarget "Times Tables" */ = {
			isa = XCConfigurationList;
			buildConfigurations = (
				D893EA0D1BD32DD300BC1CFB /* Debug */,
				D893EA0E1BD32DD300BC1CFB /* Release */,
			);
			defaultConfigurationIsVisible = 0;
		};
/* End XCConfigurationList section */
	};
	rootObject = D893E9F21BD32DD300BC1CFB /* Project object */;
}
